
Microsoft Visual Studio Solution File, Format Version 12.00
# Visual Studio Version 17
VisualStudioVersion = 17.0.32014.148
MinimumVisualStudioVersion = 10.0.40219.1
Project("{FAE04EC0-301F-11D3-BF4B-00C04F79EFBC}") = "HomeDZ3", "HomeDZ3\HomeDZ3.csproj", "{0A1F3C92-FD2B-4C67-9AE8-E3EF528C77CB}"
EndProject
Global
	GlobalSection(SolutionConfigurationPlatforms) = preSolution
		Debug|Any CPU = Debug|Any CPU
		Release|Any CPU = Release|Any CPU
	EndGlobalSection
	GlobalSection(ProjectConfigurationPlatforms) = postSolution
		{0A1F3C92-FD2B-4C67-9AE8-E3EF528C77CB}.Debug|Any CPU.ActiveCfg = Debug|Any CPU
		{0A1F3C92-FD2B-4C67-9AE8-E3EF528C77CB}.Debug|Any CPU.Build.0 = Debug|Any CPU
		{0A1F3C92-FD2B-4C67-9AE8-E3EF528C77CB}.Release|Any CPU.ActiveCfg = Release|Any CPU
		{0A1F3C92-FD2B-4C67-9AE8-E3EF528C77CB}.Release|Any CPU.Build.0 = Release|Any CPU
	EndGlobalSection
	GlobalSection(SolutionProperties) = preSolution
		HideSolutionNode = FALSE
	EndGlobalSection
	GlobalSection(ExtensibilityGlobals) = postSolution
		SolutionGuid = {E4CF14B7-AE1D-4C94-8D5C-95B3A744FC3B}
	EndGlobalSection
EndGlobal
